Microsoft Visual Studio Solution File, Format Version 12.00
# Visual Studio Version 17
VisualStudioVersion = 17.5.2.0
MinimumVisualStudioVersion = 10.0.40219.1
Project("{FAE04EC0-301F-11D3-BF4B-00C04F79EFBC}") = "dotnet-guardian", "dotnet-guardian\dotnet-guardian.csproj", "{DAF62517-B5DD-3222-DB15-FFEA76E4EC19}"
EndProject
Project("{FAE04EC0-301F-11D3-BF4B-00C04F79EFBC}") = "dotnet-guardian.tests", "dotnet-guardian.tests\dotnet-guardian.tests.csproj", "{785456CB-4E84-DFE1-12F5-C21E5793728B}"
EndProject
Global
	GlobalSection(SolutionConfigurationPlatforms) = preSolution
		Debug|Any CPU = Debug|Any CPU
		Release|Any CPU = Release|Any CPU
	EndGlobalSection
	GlobalSection(ProjectConfigurationPlatforms) = postSolution
		{DAF62517-B5DD-3222-DB15-FFEA76E4EC19}.Debug|Any CPU.ActiveCfg = Debug|Any CPU
		{DAF62517-B5DD-3222-DB15-FFEA76E4EC19}.Debug|Any CPU.Build.0 = Debug|Any CPU
		{DAF62517-B5DD-3222-DB15-FFEA76E4EC19}.Release|Any CPU.ActiveCfg = Release|Any CPU
		{DAF62517-B5DD-3222-DB15-FFEA76E4EC19}.Release|Any CPU.Build.0 = Release|Any CPU
		{785456CB-4E84-DFE1-12F5-C21E5793728B}.Debug|Any CPU.ActiveCfg = Debug|Any CPU
		{785456CB-4E84-DFE1-12F5-C21E5793728B}.Debug|Any CPU.Build.0 = Debug|Any CPU
		{785456CB-4E84-DFE1-12F5-C21E5793728B}.Release|Any CPU.ActiveCfg = Release|Any CPU
		{785456CB-4E84-DFE1-12F5-C21E5793728B}.Release|Any CPU.Build.0 = Release|Any CPU
	EndGlobalSection
	GlobalSection(SolutionProperties) = preSolution
		HideSolutionNode = FALSE
	EndGlobalSection
	GlobalSection(ExtensibilityGlobals) = postSolution
		SolutionGuid = {247F8FE5-0A04-4F2D-9542-95B1BE3EA9AD}
	EndGlobalSection
EndGlobal
